
Microsoft Visual Studio Solution File, Format Version 12.00
# Visual Studio Version 17
VisualStudioVersion = 17.1.32210.238
MinimumVisualStudioVersion = 10.0.40219.1
Project("{FAE04EC0-301F-11D3-BF4B-00C04F79EFBC}") = "BasicMethods", "BasicMethods.csproj", "{8F197B11-8BA8-4DED-88C1-73879B6AC5C6}"
EndProject
Global
	GlobalSection(SolutionConfigurationPlatforms) = preSolution
		Debug|Any CPU = Debug|Any CPU
		Release|Any CPU = Release|Any CPU
	EndGlobalSection
	GlobalSection(ProjectConfigurationPlatforms) = postSolution
		{8F197B11-8BA8-4DED-88C1-73879B6AC5C6}.Debug|Any CPU.ActiveCfg = Debug|Any CPU
		{8F197B11-8BA8-4DED-88C1-73879B6AC5C6}.Debug|Any CPU.Build.0 = Debug|Any CPU
		{8F197B11-8BA8-4DED-88C1-73879B6AC5C6}.Release|Any CPU.ActiveCfg = Release|Any CPU
		{8F197B11-8BA8-4DED-88C1-73879B6AC5C6}.Release|Any CPU.Build.0 = Release|Any CPU
	EndGlobalSection
	GlobalSection(SolutionProperties) = preSolution
		HideSolutionNode = FALSE
	EndGlobalSection
	GlobalSection(ExtensibilityGlobals) = postSolution
		SolutionGuid = {BD305D00-5578-4A73-881E-939F531DE0E7}
	EndGlobalSection
EndGlobal
